
Microsoft Visual Studio Solution File, Format Version 12.00
# Visual Studio Version 17
VisualStudioVersion = 17.2.32630.192
MinimumVisualStudioVersion = 10.0.40219.1
Project("{FAE04EC0-301F-11D3-BF4B-00C04F79EFBC}") = "iWMS.TimerTaskService", "iWMS.TimerTaskService\iWMS.TimerTaskService.csproj", "{B82EB113-B32D-45CF-896E-BEA3A5D6891A}"
EndProject
Project("{2150E333-8FDC-42A3-9474-1A3956D46DE8}") = "9.iWMS定时任务", "9.iWMS定时任务", "{71B3D437-D0D5-40BA-A5AC-A4CFD872427C}"
EndProject
Project("{2150E333-8FDC-42A3-9474-1A3956D46DE8}") = "0.Common", "0.Common", "{C2602191-EF1D-4968-997D-8616DB3B54D7}"
EndProject
Project("{FAE04EC0-301F-11D3-BF4B-00C04F79EFBC}") = "Common.DBCore", "..\iWMS\Common.DBCore\Common.DBCore.csproj", "{36C4A7FD-CE84-4636-B3C0-A98ED7FBFA13}"
EndProject
Project("{FAE04EC0-301F-11D3-BF4B-00C04F79EFBC}") = "iWMS.Core", "..\iWMS\iWMS.Core\iWMS.Core.csproj", "{72493AE6-44C5-44CE-AEC8-DB89689960E1}"
EndProject
Project("{FAE04EC0-301F-11D3-BF4B-00C04F79EFBC}") = "iWMS.Entity", "..\iWMS\iWMS.Entity\iWMS.Entity.csproj", "{1EF0DBC0-8EAC-4AB0-995F-5B6CA7F7CEC9}"
EndProject
Project("{FAE04EC0-301F-11D3-BF4B-00C04F79EFBC}") = "iWMS.TimerTaskService.Core", "iWMS.TimerTaskService.Core\iWMS.TimerTaskService.Core.csproj", "{D6384494-DEBC-4240-8FDF-1BBBCAD597D3}"
EndProject
Project("{FAE04EC0-301F-11D3-BF4B-00C04F79EFBC}") = "Common.ISource", "..\iWMS\Common.ISource\Common.ISource.csproj", "{F8E01250-0408-4C92-A458-627D27DAF915}"
EndProject
Project("{FAE04EC0-301F-11D3-BF4B-00C04F79EFBC}") = "iWMS.ISource", "..\iWMS\iWMS.ISource\iWMS.ISource.csproj", "{6B414480-3B9A-4EA0-8DE4-22D7FFDC2AB3}"
EndProject
Project("{FAE04EC0-301F-11D3-BF4B-00C04F79EFBC}") = "iWMS.TypedData", "..\iWMS\iWMS.TypedData\iWMS.TypedData.csproj", "{0FD5A87D-02EC-4CF6-A8B5-B56E0A49AC1B}"
EndProject
Project("{2150E333-8FDC-42A3-9474-1A3956D46DE8}") = "2.潍柴二号工厂", "2.潍柴二号工厂", "{0FD75582-D3FF-401E-AE30-90F6EC4E8FC7}"
EndProject
Project("{FAE04EC0-301F-11D3-BF4B-00C04F79EFBC}") = "iWMS.WCInterfaceService", "iWMS_WCInterfaceService\iWMS.WCInterfaceService.csproj", "{09F0B817-9090-45A2-907A-2F95E6136982}"
EndProject
Project("{FAE04EC0-301F-11D3-BF4B-00C04F79EFBC}") = "iWMS.WCInterfaceService.Core", "iWMS.WCInterfaceService.Core\iWMS.WCInterfaceService.Core.csproj", "{B55D83E0-FB5A-4908-BF08-F1D519FB1DC7}"
EndProject
Project("{FAE04EC0-301F-11D3-BF4B-00C04F79EFBC}") = "iWMS.WC2API", "iWMS.WC2API\iWMS.WC2API.csproj", "{34B000B2-7411-4A92-8A47-8953B47C16E8}"
EndProject
Project("{2150E333-8FDC-42A3-9474-1A3956D46DE8}") = "3.潍柴储运工厂", "3.潍柴储运工厂", "{6D63075C-D0EB-4251-8181-9542230B736A}"
EndProject
Project("{2150E333-8FDC-42A3-9474-1A3956D46DE8}") = "4.潍柴数字产业园", "4.潍柴数字产业园", "{13F3D49A-5439-4F43-BCC4-09710799F8B1}"
EndProject
Project("{FAE04EC0-301F-11D3-BF4B-00C04F79EFBC}") = "iWMS.APILog", "iWMS.APILog\iWMS.APILog.csproj", "{E0126EC7-194F-4326-9B27-B464EFB84034}"
EndProject
Project("{FAE04EC0-301F-11D3-BF4B-00C04F79EFBC}") = "iWMS.WCDigitService", "iWMS.WCDigitService\iWMS.WCDigitService.csproj", "{C93AAC1F-FEE5-4C90-A1F8-134E79FB1175}"
EndProject
Project("{FAE04EC0-301F-11D3-BF4B-00C04F79EFBC}") = "iWMS.WCDigitService.Core", "iWMS.WCDigitService.Core\iWMS.WCDigitService.Core.csproj", "{C3D0C4A0-EB7D-4D8C-9025-B7A4AE7BB288}"
EndProject
Project("{FAE04EC0-301F-11D3-BF4B-00C04F79EFBC}") = "iWMS.WCCYService", "iWMS.WCCYService\iWMS.WCCYService.csproj", "{F866579F-D8D6-4A37-BAD3-9277ADE3BFFF}"
EndProject
Project("{FAE04EC0-301F-11D3-BF4B-00C04F79EFBC}") = "iWMS.WCCYService.Core", "iWMS.WCCYService.Core\iWMS.WCCYService.Core.csproj", "{80DC2205-C994-48E3-8AF6-C58894C67415}"
EndProject
Project("{FAE04EC0-301F-11D3-BF4B-00C04F79EFBC}") = "iWMS.WCCYAPI", "iWMS.WCCYAPI\iWMS.WCCYAPI.csproj", "{4E22BAE0-EDC9-40BA-BC20-9C2193AA93DC}"
EndProject
Project("{FAE04EC0-301F-11D3-BF4B-00C04F79EFBC}") = "iWMS.WCDigitAPI", "iWMS.WCDigitAPI\iWMS.WCDigitAPI.csproj", "{D6AB0A14-8229-4041-A654-1B609746B102}"
EndProject
Project("{FAE04EC0-301F-11D3-BF4B-00C04F79EFBC}") = "Common.Source", "..\iWMS\Common.Source\Common.Source.csproj", "{DF7EC48A-707C-47FC-B7C7-A4AEC77A77FC}"
EndProject
Project("{FAE04EC0-301F-11D3-BF4B-00C04F79EFBC}") = "iWMS.Source", "..\iWMS\iWMS.Source\iWMS.Source.csproj", "{21EB5E62-87D9-4B14-AF34-1FF3FB67DC47}"
EndProject
Project("{2150E333-8FDC-42A3-9474-1A3956D46DE8}") = "5.蓝天新能源", "5.蓝天新能源", "{C61E11BB-4BA6-4229-AE63-75A1585748EC}"
EndProject
Project("{FAE04EC0-301F-11D3-BF4B-00C04F79EFBC}") = "iWMS.BlueSkyAPI", "iWMS.BlueSkyAPI\iWMS.BlueSkyAPI.csproj", "{43385830-2EB9-49CD-B496-253B9584C2AF}"
EndProject
Project("{FAE04EC0-301F-11D3-BF4B-00C04F79EFBC}") = "iWMS.BlueSkyService.Core", "iWMS.BlueSkyService.Core\iWMS.BlueSkyService.Core.csproj", "{A468B51A-403E-42F4-9347-12A3A83DBA22}"
EndProject
Project("{FAE04EC0-301F-11D3-BF4B-00C04F79EFBC}") = "iWMS.BlueSkyService", "iWMS.BlueSkyService\iWMS.BlueSkyService.csproj", "{62CB4286-E64B-41DD-9F8A-75AC663CF047}"
EndProject
Project("{FAE04EC0-301F-11D3-BF4B-00C04F79EFBC}") = "iWMS.WebApplication", "iWMS.WebApplication\iWMS.WebApplication.csproj", "{E8088B5C-7CD0-4B7E-BCDD-6C34F6195CDA}"
EndProject
Project("{2150E333-8FDC-42A3-9474-1A3956D46DE8}") = "6.WCS", "6.WCS", "{EE285553-547D-4BA2-A8B1-DCA37126E7D2}"
EndProject
Project("{FAE04EC0-301F-11D3-BF4B-00C04F79EFBC}") = "iWMS.WCSAPI", "iWMS.WCSAPI\iWMS.WCSAPI.csproj", "{90005645-F545-44DF-82FC-B25A2B4A23F5}"
EndProject
Project("{FAE04EC0-301F-11D3-BF4B-00C04F79EFBC}") = "iWMS.WCSService.Core", "iWMS.WCSService.Core\iWMS.WCSService.Core.csproj", "{6FB83E84-F13E-4451-BEF5-7BCF3B68AD00}"
EndProject
Project("{FAE04EC0-301F-11D3-BF4B-00C04F79EFBC}") = "iWMS.WCSService", "iWMS.WCSService\iWMS.WCSService.csproj", "{470CF5A7-30C4-49BC-AC62-57A9064D30B4}"
EndProject
Global
	GlobalSection(SolutionConfigurationPlatforms) = preSolution
		Debug|Any CPU = Debug|Any CPU
		Release|Any CPU = Release|Any CPU
	EndGlobalSection
	GlobalSection(ProjectConfigurationPlatforms) = postSolution
		{B82EB113-B32D-45CF-896E-BEA3A5D6891A}.Debug|Any CPU.ActiveCfg = Debug|Any CPU
		{B82EB113-B32D-45CF-896E-BEA3A5D6891A}.Debug|Any CPU.Build.0 = Debug|Any CPU
		{B82EB113-B32D-45CF-896E-BEA3A5D6891A}.Release|Any CPU.ActiveCfg = Release|Any CPU
		{B82EB113-B32D-45CF-896E-BEA3A5D6891A}.Release|Any CPU.Build.0 = Release|Any CPU
		{36C4A7FD-CE84-4636-B3C0-A98ED7FBFA13}.Debug|Any CPU.ActiveCfg = Debug|Any CPU
		{36C4A7FD-CE84-4636-B3C0-A98ED7FBFA13}.Debug|Any CPU.Build.0 = Debug|Any CPU
		{36C4A7FD-CE84-4636-B3C0-A98ED7FBFA13}.Release|Any CPU.ActiveCfg = Release|Any CPU
		{36C4A7FD-CE84-4636-B3C0-A98ED7FBFA13}.Release|Any CPU.Build.0 = Release|Any CPU
		{72493AE6-44C5-44CE-AEC8-DB89689960E1}.Debug|Any CPU.ActiveCfg = Debug|Any CPU
		{72493AE6-44C5-44CE-AEC8-DB89689960E1}.Debug|Any CPU.Build.0 = Debug|Any CPU
		{72493AE6-44C5-44CE-AEC8-DB89689960E1}.Release|Any CPU.ActiveCfg = Release|Any CPU
		{72493AE6-44C5-44CE-AEC8-DB89689960E1}.Release|Any CPU.Build.0 = Release|Any CPU
		{1EF0DBC0-8EAC-4AB0-995F-5B6CA7F7CEC9}.Debug|Any CPU.ActiveCfg = Debug|Any CPU
		{1EF0DBC0-8EAC-4AB0-995F-5B6CA7F7CEC9}.Debug|Any CPU.Build.0 = Debug|Any CPU
		{1EF0DBC0-8EAC-4AB0-995F-5B6CA7F7CEC9}.Release|Any CPU.ActiveCfg = Release|Any CPU
		{1EF0DBC0-8EAC-4AB0-995F-5B6CA7F7CEC9}.Release|Any CPU.Build.0 = Release|Any CPU
		{D6384494-DEBC-4240-8FDF-1BBBCAD597D3}.Debug|Any CPU.ActiveCfg = Debug|Any CPU
		{D6384494-DEBC-4240-8FDF-1BBBCAD597D3}.Debug|Any CPU.Build.0 = Debug|Any CPU
		{D6384494-DEBC-4240-8FDF-1BBBCAD597D3}.Release|Any CPU.ActiveCfg = Release|Any CPU
		{D6384494-DEBC-4240-8FDF-1BBBCAD597D3}.Release|Any CPU.Build.0 = Release|Any CPU
		{F8E01250-0408-4C92-A458-627D27DAF915}.Debug|Any CPU.ActiveCfg = Debug|Any CPU
		{F8E01250-0408-4C92-A458-627D27DAF915}.Debug|Any CPU.Build.0 = Debug|Any CPU
		{F8E01250-0408-4C92-A458-627D27DAF915}.Release|Any CPU.ActiveCfg = Release|Any CPU
		{F8E01250-0408-4C92-A458-627D27DAF915}.Release|Any CPU.Build.0 = Release|Any CPU
		{6B414480-3B9A-4EA0-8DE4-22D7FFDC2AB3}.Debug|Any CPU.ActiveCfg = Debug|Any CPU
		{6B414480-3B9A-4EA0-8DE4-22D7FFDC2AB3}.Debug|Any CPU.Build.0 = Debug|Any CPU
		{6B414480-3B9A-4EA0-8DE4-22D7FFDC2AB3}.Release|Any CPU.ActiveCfg = Release|Any CPU
		{6B414480-3B9A-4EA0-8DE4-22D7FFDC2AB3}.Release|Any CPU.Build.0 = Release|Any CPU
		{0FD5A87D-02EC-4CF6-A8B5-B56E0A49AC1B}.Debug|Any CPU.ActiveCfg = Debug|Any CPU
		{0FD5A87D-02EC-4CF6-A8B5-B56E0A49AC1B}.Debug|Any CPU.Build.0 = Debug|Any CPU
		{0FD5A87D-02EC-4CF6-A8B5-B56E0A49AC1B}.Release|Any CPU.ActiveCfg = Release|Any CPU
		{0FD5A87D-02EC-4CF6-A8B5-B56E0A49AC1B}.Release|Any CPU.Build.0 = Release|Any CPU
		{09F0B817-9090-45A2-907A-2F95E6136982}.Debug|Any CPU.ActiveCfg = Debug|Any CPU
		{09F0B817-9090-45A2-907A-2F95E6136982}.Debug|Any CPU.Build.0 = Debug|Any CPU
		{09F0B817-9090-45A2-907A-2F95E6136982}.Release|Any CPU.ActiveCfg = Release|Any CPU
		{09F0B817-9090-45A2-907A-2F95E6136982}.Release|Any CPU.Build.0 = Release|Any CPU
		{B55D83E0-FB5A-4908-BF08-F1D519FB1DC7}.Debug|Any CPU.ActiveCfg = Debug|Any CPU
		{B55D83E0-FB5A-4908-BF08-F1D519FB1DC7}.Debug|Any CPU.Build.0 = Debug|Any CPU
		{B55D83E0-FB5A-4908-BF08-F1D519FB1DC7}.Release|Any CPU.ActiveCfg = Release|Any CPU
		{B55D83E0-FB5A-4908-BF08-F1D519FB1DC7}.Release|Any CPU.Build.0 = Release|Any CPU
		{34B000B2-7411-4A92-8A47-8953B47C16E8}.Debug|Any CPU.ActiveCfg = Debug|Any CPU
		{34B000B2-7411-4A92-8A47-8953B47C16E8}.Debug|Any CPU.Build.0 = Debug|Any CPU
		{34B000B2-7411-4A92-8A47-8953B47C16E8}.Release|Any CPU.ActiveCfg = Release|Any CPU
		{34B000B2-7411-4A92-8A47-8953B47C16E8}.Release|Any CPU.Build.0 = Release|Any CPU
		{E0126EC7-194F-4326-9B27-B464EFB84034}.Debug|Any CPU.ActiveCfg = Debug|Any CPU
		{E0126EC7-194F-4326-9B27-B464EFB84034}.Debug|Any CPU.Build.0 = Debug|Any CPU
		{E0126EC7-194F-4326-9B27-B464EFB84034}.Release|Any CPU.ActiveCfg = Release|Any CPU
		{E0126EC7-194F-4326-9B27-B464EFB84034}.Release|Any CPU.Build.0 = Release|Any CPU
		{C93AAC1F-FEE5-4C90-A1F8-134E79FB1175}.Debug|Any CPU.ActiveCfg = Debug|Any CPU
		{C93AAC1F-FEE5-4C90-A1F8-134E79FB1175}.Debug|Any CPU.Build.0 = Debug|Any CPU
		{C93AAC1F-FEE5-4C90-A1F8-134E79FB1175}.Release|Any CPU.ActiveCfg = Release|Any CPU
		{C93AAC1F-FEE5-4C90-A1F8-134E79FB1175}.Release|Any CPU.Build.0 = Release|Any CPU
		{C3D0C4A0-EB7D-4D8C-9025-B7A4AE7BB288}.Debug|Any CPU.ActiveCfg = Debug|Any CPU
		{C3D0C4A0-EB7D-4D8C-9025-B7A4AE7BB288}.Debug|Any CPU.Build.0 = Debug|Any CPU
		{C3D0C4A0-EB7D-4D8C-9025-B7A4AE7BB288}.Release|Any CPU.ActiveCfg = Release|Any CPU
		{C3D0C4A0-EB7D-4D8C-9025-B7A4AE7BB288}.Release|Any CPU.Build.0 = Release|Any CPU
		{F866579F-D8D6-4A37-BAD3-9277ADE3BFFF}.Debug|Any CPU.ActiveCfg = Debug|Any CPU
		{F866579F-D8D6-4A37-BAD3-9277ADE3BFFF}.Debug|Any CPU.Build.0 = Debug|Any CPU
		{F866579F-D8D6-4A37-BAD3-9277ADE3BFFF}.Release|Any CPU.ActiveCfg = Release|Any CPU
		{F866579F-D8D6-4A37-BAD3-9277ADE3BFFF}.Release|Any CPU.Build.0 = Release|Any CPU
		{80DC2205-C994-48E3-8AF6-C58894C67415}.Debug|Any CPU.ActiveCfg = Debug|Any CPU
		{80DC2205-C994-48E3-8AF6-C58894C67415}.Debug|Any CPU.Build.0 = Debug|Any CPU
		{80DC2205-C994-48E3-8AF6-C58894C67415}.Release|Any CPU.ActiveCfg = Release|Any CPU
		{80DC2205-C994-48E3-8AF6-C58894C67415}.Release|Any CPU.Build.0 = Release|Any CPU
		{4E22BAE0-EDC9-40BA-BC20-9C2193AA93DC}.Debug|Any CPU.ActiveCfg = Debug|Any CPU
		{4E22BAE0-EDC9-40BA-BC20-9C2193AA93DC}.Debug|Any CPU.Build.0 = Debug|Any CPU
		{4E22BAE0-EDC9-40BA-BC20-9C2193AA93DC}.Release|Any CPU.ActiveCfg = Release|Any CPU
		{4E22BAE0-EDC9-40BA-BC20-9C2193AA93DC}.Release|Any CPU.Build.0 = Release|Any CPU
		{D6AB0A14-8229-4041-A654-1B609746B102}.Debug|Any CPU.ActiveCfg = Debug|Any CPU
		{D6AB0A14-8229-4041-A654-1B609746B102}.Debug|Any CPU.Build.0 = Debug|Any CPU
		{D6AB0A14-8229-4041-A654-1B609746B102}.Release|Any CPU.ActiveCfg = Release|Any CPU
		{D6AB0A14-8229-4041-A654-1B609746B102}.Release|Any CPU.Build.0 = Release|Any CPU
		{DF7EC48A-707C-47FC-B7C7-A4AEC77A77FC}.Debug|Any CPU.ActiveCfg = Debug|Any CPU
		{DF7EC48A-707C-47FC-B7C7-A4AEC77A77FC}.Debug|Any CPU.Build.0 = Debug|Any CPU
		{DF7EC48A-707C-47FC-B7C7-A4AEC77A77FC}.Release|Any CPU.ActiveCfg = Release|Any CPU
		{DF7EC48A-707C-47FC-B7C7-A4AEC77A77FC}.Release|Any CPU.Build.0 = Release|Any CPU
		{21EB5E62-87D9-4B14-AF34-1FF3FB67DC47}.Debug|Any CPU.ActiveCfg = Debug|Any CPU
		{21EB5E62-87D9-4B14-AF34-1FF3FB67DC47}.Debug|Any CPU.Build.0 = Debug|Any CPU
		{21EB5E62-87D9-4B14-AF34-1FF3FB67DC47}.Release|Any CPU.ActiveCfg = Release|Any CPU
		{21EB5E62-87D9-4B14-AF34-1FF3FB67DC47}.Release|Any CPU.Build.0 = Release|Any CPU
		{43385830-2EB9-49CD-B496-253B9584C2AF}.Debug|Any CPU.ActiveCfg = Debug|Any CPU
		{43385830-2EB9-49CD-B496-253B9584C2AF}.Debug|Any CPU.Build.0 = Debug|Any CPU
		{43385830-2EB9-49CD-B496-253B9584C2AF}.Release|Any CPU.ActiveCfg = Release|Any CPU
		{43385830-2EB9-49CD-B496-253B9584C2AF}.Release|Any CPU.Build.0 = Release|Any CPU
		{A468B51A-403E-42F4-9347-12A3A83DBA22}.Debug|Any CPU.ActiveCfg = Debug|Any CPU
		{A468B51A-403E-42F4-9347-12A3A83DBA22}.Debug|Any CPU.Build.0 = Debug|Any CPU
		{A468B51A-403E-42F4-9347-12A3A83DBA22}.Release|Any CPU.ActiveCfg = Release|Any CPU
		{A468B51A-403E-42F4-9347-12A3A83DBA22}.Release|Any CPU.Build.0 = Release|Any CPU
		{62CB4286-E64B-41DD-9F8A-75AC663CF047}.Debug|Any CPU.ActiveCfg = Debug|Any CPU
		{62CB4286-E64B-41DD-9F8A-75AC663CF047}.Debug|Any CPU.Build.0 = Debug|Any CPU
		{62CB4286-E64B-41DD-9F8A-75AC663CF047}.Release|Any CPU.ActiveCfg = Release|Any CPU
		{62CB4286-E64B-41DD-9F8A-75AC663CF047}.Release|Any CPU.Build.0 = Release|Any CPU
		{E8088B5C-7CD0-4B7E-BCDD-6C34F6195CDA}.Debug|Any CPU.ActiveCfg = Debug|Any CPU
		{E8088B5C-7CD0-4B7E-BCDD-6C34F6195CDA}.Debug|Any CPU.Build.0 = Debug|Any CPU
		{E8088B5C-7CD0-4B7E-BCDD-6C34F6195CDA}.Release|Any CPU.ActiveCfg = Release|Any CPU
		{E8088B5C-7CD0-4B7E-BCDD-6C34F6195CDA}.Release|Any CPU.Build.0 = Release|Any CPU
		{90005645-F545-44DF-82FC-B25A2B4A23F5}.Debug|Any CPU.ActiveCfg = Debug|Any CPU
		{90005645-F545-44DF-82FC-B25A2B4A23F5}.Debug|Any CPU.Build.0 = Debug|Any CPU
		{90005645-F545-44DF-82FC-B25A2B4A23F5}.Release|Any CPU.ActiveCfg = Release|Any CPU
		{90005645-F545-44DF-82FC-B25A2B4A23F5}.Release|Any CPU.Build.0 = Release|Any CPU
		{6FB83E84-F13E-4451-BEF5-7BCF3B68AD00}.Debug|Any CPU.ActiveCfg = Debug|Any CPU
		{6FB83E84-F13E-4451-BEF5-7BCF3B68AD00}.Debug|Any CPU.Build.0 = Debug|Any CPU
		{6FB83E84-F13E-4451-BEF5-7BCF3B68AD00}.Release|Any CPU.ActiveCfg = Release|Any CPU
		{6FB83E84-F13E-4451-BEF5-7BCF3B68AD00}.Release|Any CPU.Build.0 = Release|Any CPU
		{470CF5A7-30C4-49BC-AC62-57A9064D30B4}.Debug|Any CPU.ActiveCfg = Debug|Any CPU
		{470CF5A7-30C4-49BC-AC62-57A9064D30B4}.Debug|Any CPU.Build.0 = Debug|Any CPU
		{470CF5A7-30C4-49BC-AC62-57A9064D30B4}.Release|Any CPU.ActiveCfg = Release|Any CPU
		{470CF5A7-30C4-49BC-AC62-57A9064D30B4}.Release|Any CPU.Build.0 = Release|Any CPU
	EndGlobalSection
	GlobalSection(SolutionProperties) = preSolution
		HideSolutionNode = FALSE
	EndGlobalSection
	GlobalSection(NestedProjects) = preSolution
		{B82EB113-B32D-45CF-896E-BEA3A5D6891A} = {71B3D437-D0D5-40BA-A5AC-A4CFD872427C}
		{36C4A7FD-CE84-4636-B3C0-A98ED7FBFA13} = {C2602191-EF1D-4968-997D-8616DB3B54D7}
		{72493AE6-44C5-44CE-AEC8-DB89689960E1} = {C2602191-EF1D-4968-997D-8616DB3B54D7}
		{1EF0DBC0-8EAC-4AB0-995F-5B6CA7F7CEC9} = {C2602191-EF1D-4968-997D-8616DB3B54D7}
		{D6384494-DEBC-4240-8FDF-1BBBCAD597D3} = {71B3D437-D0D5-40BA-A5AC-A4CFD872427C}
		{F8E01250-0408-4C92-A458-627D27DAF915} = {C2602191-EF1D-4968-997D-8616DB3B54D7}
		{6B414480-3B9A-4EA0-8DE4-22D7FFDC2AB3} = {C2602191-EF1D-4968-997D-8616DB3B54D7}
		{0FD5A87D-02EC-4CF6-A8B5-B56E0A49AC1B} = {C2602191-EF1D-4968-997D-8616DB3B54D7}
		{09F0B817-9090-45A2-907A-2F95E6136982} = {0FD75582-D3FF-401E-AE30-90F6EC4E8FC7}
		{B55D83E0-FB5A-4908-BF08-F1D519FB1DC7} = {0FD75582-D3FF-401E-AE30-90F6EC4E8FC7}
		{34B000B2-7411-4A92-8A47-8953B47C16E8} = {0FD75582-D3FF-401E-AE30-90F6EC4E8FC7}
		{E0126EC7-194F-4326-9B27-B464EFB84034} = {C2602191-EF1D-4968-997D-8616DB3B54D7}
		{C93AAC1F-FEE5-4C90-A1F8-134E79FB1175} = {13F3D49A-5439-4F43-BCC4-09710799F8B1}
		{C3D0C4A0-EB7D-4D8C-9025-B7A4AE7BB288} = {13F3D49A-5439-4F43-BCC4-09710799F8B1}
		{F866579F-D8D6-4A37-BAD3-9277ADE3BFFF} = {6D63075C-D0EB-4251-8181-9542230B736A}
		{80DC2205-C994-48E3-8AF6-C58894C67415} = {6D63075C-D0EB-4251-8181-9542230B736A}
		{4E22BAE0-EDC9-40BA-BC20-9C2193AA93DC} = {6D63075C-D0EB-4251-8181-9542230B736A}
		{D6AB0A14-8229-4041-A654-1B609746B102} = {13F3D49A-5439-4F43-BCC4-09710799F8B1}
		{DF7EC48A-707C-47FC-B7C7-A4AEC77A77FC} = {C2602191-EF1D-4968-997D-8616DB3B54D7}
		{21EB5E62-87D9-4B14-AF34-1FF3FB67DC47} = {C2602191-EF1D-4968-997D-8616DB3B54D7}
		{43385830-2EB9-49CD-B496-253B9584C2AF} = {C61E11BB-4BA6-4229-AE63-75A1585748EC}
		{A468B51A-403E-42F4-9347-12A3A83DBA22} = {C61E11BB-4BA6-4229-AE63-75A1585748EC}
		{62CB4286-E64B-41DD-9F8A-75AC663CF047} = {C61E11BB-4BA6-4229-AE63-75A1585748EC}
		{E8088B5C-7CD0-4B7E-BCDD-6C34F6195CDA} = {C2602191-EF1D-4968-997D-8616DB3B54D7}
		{90005645-F545-44DF-82FC-B25A2B4A23F5} = {EE285553-547D-4BA2-A8B1-DCA37126E7D2}
		{6FB83E84-F13E-4451-BEF5-7BCF3B68AD00} = {EE285553-547D-4BA2-A8B1-DCA37126E7D2}
		{470CF5A7-30C4-49BC-AC62-57A9064D30B4} = {EE285553-547D-4BA2-A8B1-DCA37126E7D2}
	EndGlobalSection
	GlobalSection(ExtensibilityGlobals) = postSolution
		SolutionGuid = {267BCE02-71E6-4AD7-AD58-7A445E61FCA3}
	EndGlobalSection
EndGlobal
